
Microsoft Visual Studio Solution File, Format Version 12.00
# Visual Studio 15
VisualStudioVersion = 15.0.26430.16
MinimumVisualStudioVersion = 10.0.40219.1
Project("{8BC9CEB8-8B4A-11D0-8D11-00A0C91BC942}") = "Geometry", "CH6\CH601\Geometry\Geometry.vcxproj", "{64A34F60-33B9-3D98-9623-C097D58ACA95}"
EndProject
Project("{8BC9CEB8-8B4A-11D0-8D11-00A0C91BC942}") = "Dialog", "CH1\CH101\Dialog\Dialog.vcxproj", "{182CD3F7-F7EF-348F-8C97-1F4A34C5F29B}"
EndProject
Project("{2150E333-8FDC-42A3-9474-1A3956D46DE8}") = "ch1", "ch1", "{7107BB45-F642-4E34-9EA7-94C4F8B109FA}"
EndProject
Project("{2150E333-8FDC-42A3-9474-1A3956D46DE8}") = "101", "101", "{429549A1-078B-4722-A5BE-C462F7D06EC6}"
EndProject
Project("{2150E333-8FDC-42A3-9474-1A3956D46DE8}") = "102", "102", "{EB768D2F-9AA7-4A5F-A63A-C0152865E7E7}"
EndProject
Project("{8BC9CEB8-8B4A-11D0-8D11-00A0C91BC942}") = "Dialog", "CH1\CH102\Dialog\Dialog.vcxproj", "{96A137BA-5D53-35AC-A781-2C3BAFD38878}"
EndProject
Project("{2150E333-8FDC-42A3-9474-1A3956D46DE8}") = "ch2", "ch2", "{60EF1EC8-B7B7-46F5-9740-72F95D5DFDFF}"
EndProject
Project("{8BC9CEB8-8B4A-11D0-8D11-00A0C91BC942}") = "ListIterator", "CH2\CH201\ListIterator\ListIterator.vcxproj", "{0BC1BFC3-FA92-3882-B892-892F1651AA9F}"
EndProject
Project("{8BC9CEB8-8B4A-11D0-8D11-00A0C91BC942}") = "MutableListIterator", "CH2\CH202\MutableListIterator\MutableListIterator.vcxproj", "{294FC7F9-43F6-3F5E-B968-066C9DB94CC1}"
EndProject
Project("{8BC9CEB8-8B4A-11D0-8D11-00A0C91BC942}") = "StlIterator", "CH2\CH203\StlIterator\StlIterator.vcxproj", "{BD17C210-7300-3963-A62D-8E3AA10E1212}"
EndProject
Project("{8BC9CEB8-8B4A-11D0-8D11-00A0C91BC942}") = "MapIterator", "CH2\CH204\MapIterator\MapIterator.vcxproj", "{298B05AF-CC98-3F11-AE19-70FF89BCB2FC}"
EndProject
Project("{8BC9CEB8-8B4A-11D0-8D11-00A0C91BC942}") = "StlMapIterator", "CH2\CH205\StlMapIterator\StlMapIterator.vcxproj", "{90DF4092-0335-3D9D-A028-518F6924299B}"
EndProject
Project("{8BC9CEB8-8B4A-11D0-8D11-00A0C91BC942}") = "myVariant", "CH2\CH206\myVariant\myVariant.vcxproj", "{856E7603-30C4-3460-9C91-0157DCB0E5FB}"
EndProject
Project("{8BC9CEB8-8B4A-11D0-8D11-00A0C91BC942}") = "Algorithms", "CH2\CH207\Algorithms\Algorithms.vcxproj", "{3C10CE2C-2B47-3C99-B223-B4B586C2FADE}"
EndProject
Project("{8BC9CEB8-8B4A-11D0-8D11-00A0C91BC942}") = "PushButtonTest", "CH2\CH208\PushButtonTest\PushButtonTest.vcxproj", "{DBF4F8CB-FDE6-3927-97AA-6EF2F07E2A9F}"
EndProject
Project("{8BC9CEB8-8B4A-11D0-8D11-00A0C91BC942}") = "TreeWidget", "CH2\CH209\TreeWidget\TreeWidget.vcxproj", "{431AD3E9-B6A9-3521-A324-83F6A692AD17}"
EndProject
Project("{8BC9CEB8-8B4A-11D0-8D11-00A0C91BC942}") = "Test", "CH2\CH210\Test\Test.vcxproj", "{911BA624-9BE9-3DC9-98E0-6FE85A3B56B3}"
EndProject
Project("{2150E333-8FDC-42A3-9474-1A3956D46DE8}") = "ch3", "ch3", "{663FDF6C-39DF-4282-B171-0969A1352432}"
EndProject
Project("{8BC9CEB8-8B4A-11D0-8D11-00A0C91BC942}") = "Splitter", "CH3\CH301\Splitter\Splitter.vcxproj", "{E9949E6A-1A96-3228-A4BF-5BD35B4DD864}"
EndProject
Project("{8BC9CEB8-8B4A-11D0-8D11-00A0C91BC942}") = "DockWindows", "CH3\CH302\DockWindows\DockWindows.vcxproj", "{67ECCBA2-D45F-37EF-8849-CA06381AE726}"
EndProject
Project("{8BC9CEB8-8B4A-11D0-8D11-00A0C91BC942}") = "StackedWidget", "CH3\CH303\StackedWidget\StackedWidget.vcxproj", "{9B2321E0-F6F8-3093-AB87-596BBB686464}"
EndProject
Project("{8BC9CEB8-8B4A-11D0-8D11-00A0C91BC942}") = "UserInfo", "CH3\CH304\UserInfo\UserInfo.vcxproj", "{970C25F4-91C3-3416-B550-F02CE9C32EDD}"
EndProject
Project("{8BC9CEB8-8B4A-11D0-8D11-00A0C91BC942}") = "Example", "CH3\CH305\Example\Example.vcxproj", "{2980DE5B-A51E-357D-ACC0-DC9845645AE2}"
EndProject
Project("{2150E333-8FDC-42A3-9474-1A3956D46DE8}") = "ch4", "ch4", "{8B2BBD41-B5FC-4DAE-85A6-F62BBADCAFEA}"
EndProject
Project("{8BC9CEB8-8B4A-11D0-8D11-00A0C91BC942}") = "DialogExample", "CH4\CH401\DialogExample\DialogExample.vcxproj", "{BDF05D12-EA9B-3A0E-A12A-0C58A3D69130}"
EndProject
Project("{8BC9CEB8-8B4A-11D0-8D11-00A0C91BC942}") = "MyQQExample", "CH4\CH402\MyQQExample\MyQQExample.vcxproj", "{1BA829C8-26B5-3F51-A3A2-E399169EF064}"
EndProject
Project("{8BC9CEB8-8B4A-11D0-8D11-00A0C91BC942}") = "Progress", "CH4\CH403\Progress\Progress.vcxproj", "{5CECD493-DBB5-395C-83C2-4A3D6D8BB3F1}"
EndProject
Project("{8BC9CEB8-8B4A-11D0-8D11-00A0C91BC942}") = "Palette", "CH4\CH404\Palette\Palette.vcxproj", "{62E2AB15-02C6-322A-A237-9AB93AEC423E}"
EndProject
Project("{8BC9CEB8-8B4A-11D0-8D11-00A0C91BC942}") = "Clock", "CH4\CH405\Clock\Clock.vcxproj", "{D472884C-3B61-3FD8-BA9C-614BFF151D8C}"
EndProject
Project("{8BC9CEB8-8B4A-11D0-8D11-00A0C91BC942}") = "ExtensionDlg", "CH4\CH406\ExtensionDlg\ExtensionDlg.vcxproj", "{6589AB5E-8954-3CED-B1AC-DBD47D5D2D00}"
EndProject
Project("{8BC9CEB8-8B4A-11D0-8D11-00A0C91BC942}") = "ShapeWidget", "CH4\CH407\ShapeWidget\ShapeWidget.vcxproj", "{6EE7FC21-5CD8-364F-83FD-A008EA12C207}"
EndProject
Project("{8BC9CEB8-8B4A-11D0-8D11-00A0C91BC942}") = "SplashSreen", "CH4\CH408\SplashSreen\SplashSreen.vcxproj", "{54956303-DE8D-3A26-B334-23E7074CAE10}"
EndProject
Project("{2150E333-8FDC-42A3-9474-1A3956D46DE8}") = "ch5", "ch5", "{8EBE79F1-9B1F-4E86-93D7-6A9E72969F80}"
EndProject
Project("{8BC9CEB8-8B4A-11D0-8D11-00A0C91BC942}") = "ImageProcessor", "CH5\CH501\ImageProcessor\ImageProcessor.vcxproj", "{5E21CDEB-46F3-330A-AFF4-87108688EEBC}"
EndProject
Project("{2150E333-8FDC-42A3-9474-1A3956D46DE8}") = "ch6", "ch6", "{EA85448A-ACFE-4EA8-9CCA-4F3D727E9933}"
EndProject
Project("{8BC9CEB8-8B4A-11D0-8D11-00A0C91BC942}") = "PaintEx", "CH6\CH602\PaintEx\PaintEx.vcxproj", "{A2B861AD-95B5-32F2-A08F-998093F55004}"
EndProject
Project("{8BC9CEB8-8B4A-11D0-8D11-00A0C91BC942}") = "DrawWidget", "CH6\CH603\DrawWidget\DrawWidget.vcxproj", "{C57DAD6B-D02B-33B1-9BCB-4772627A88B2}"
EndProject
Project("{8BC9CEB8-8B4A-11D0-8D11-00A0C91BC942}") = "SVGTest", "CH6\CH604\SVGTest\SVGTest.vcxproj", "{5986B4DA-1506-3217-ABD7-DC38F01A7E19}"
EndProject
Project("{2150E333-8FDC-42A3-9474-1A3956D46DE8}") = "ch7", "ch7", "{12869A54-DDD3-444D-BD62-F5BFECCD2F65}"
EndProject
Project("{8BC9CEB8-8B4A-11D0-8D11-00A0C91BC942}") = "Butterfly", "CH7\CH701\Butterfly\Butterfly.vcxproj", "{7EDC05EE-4C96-3915-B913-E2C875137B9B}"
EndProject
Project("{8BC9CEB8-8B4A-11D0-8D11-00A0C91BC942}") = "MapWidget", "CH7\CH702\MapWidget\MapWidget.vcxproj", "{7215FC6F-42CC-3964-9C7B-32D87A41FD7B}"
EndProject
Project("{8BC9CEB8-8B4A-11D0-8D11-00A0C91BC942}") = "GraphicsItem", "CH7\CH703\GraphicsItem\GraphicsItem.vcxproj", "{FF2F31F7-99B4-3664-A692-0E7EB61D01FD}"
EndProject
Project("{8BC9CEB8-8B4A-11D0-8D11-00A0C91BC942}") = "ItemWidget", "CH7\CH704\ItemWidget\ItemWidget.vcxproj", "{ED2E4EC5-12C6-3859-8B25-DF46EA403ADD}"
EndProject
Project("{2150E333-8FDC-42A3-9474-1A3956D46DE8}") = "ch8", "ch8", "{6CD7B854-B558-4324-A4C6-3774E2282604}"
EndProject
Project("{8BC9CEB8-8B4A-11D0-8D11-00A0C91BC942}") = "DirModeEx", "CH8\CH801\DirModeEx\DirModeEx.vcxproj", "{0DCD05C1-AFC9-31A2-B7FF-0CFFEF22E8A1}"
EndProject
Project("{8BC9CEB8-8B4A-11D0-8D11-00A0C91BC942}") = "ModelEx", "CH8\CH802\ModelEx\ModelEx.vcxproj", "{D05BB584-A2DF-32D6-8EE7-4CC7F027835B}"
EndProject
Project("{8BC9CEB8-8B4A-11D0-8D11-00A0C91BC942}") = "ViewEx", "CH8\CH803\ViewEx\ViewEx.vcxproj", "{B4FBEF3B-45D5-3EB0-A8EA-594D9DD33E06}"
EndProject
Project("{8BC9CEB8-8B4A-11D0-8D11-00A0C91BC942}") = "DateDelegate", "CH8\CH804\DateDelegate\DateDelegate.vcxproj", "{77A1B4FC-A422-3992-A76F-F930E8871339}"
EndProject
Project("{2150E333-8FDC-42A3-9474-1A3956D46DE8}") = "ch9", "ch9", "{B775C403-8641-4DA9-9344-55B58F842A3C}"
EndProject
Project("{8BC9CEB8-8B4A-11D0-8D11-00A0C91BC942}") = "TextFile", "CH9\CH901\TextFile\TextFile.vcxproj", "{E80FC0D3-C036-34E6-888D-358156244F52}"
EndProject
Project("{8BC9CEB8-8B4A-11D0-8D11-00A0C91BC942}") = "TextFile2", "CH9\CH902\TextFile2\TextFile2.vcxproj", "{2A59FA67-859C-3E08-BBBC-8B2E048FDE95}"
EndProject
Project("{8BC9CEB8-8B4A-11D0-8D11-00A0C91BC942}") = "binaryFile", "CH9\CH903\binaryFile\binaryFile.vcxproj", "{089CBABB-1CC2-37AD-94FB-52A75F557A55}"
EndProject
Project("{8BC9CEB8-8B4A-11D0-8D11-00A0C91BC942}") = "dirProcess", "CH9\CH904\dirProcess\dirProcess.vcxproj", "{FE01F322-194C-3B6A-B333-46893C332E3A}"
EndProject
Project("{8BC9CEB8-8B4A-11D0-8D11-00A0C91BC942}") = "FileView", "CH9\CH905\FileView\FileView.vcxproj", "{D47C6EA0-81E5-3967-9FCE-63CAAAD235B4}"
EndProject
Project("{8BC9CEB8-8B4A-11D0-8D11-00A0C91BC942}") = "FileInfo", "CH9\CH906\FileInfo\FileInfo.vcxproj", "{9A1A3D3E-8CFB-3D70-BF04-470F0A6CAA7F}"
EndProject
Project("{8BC9CEB8-8B4A-11D0-8D11-00A0C91BC942}") = "fileWatcher", "CH9\CH907\fileWatcher\fileWatcher.vcxproj", "{A1FD8953-3087-3CD2-8450-BB9562F20102}"
EndProject
Project("{2150E333-8FDC-42A3-9474-1A3956D46DE8}") = "ch10", "ch10", "{86DAD63D-D924-436C-A7B6-67F3E439E441}"
EndProject
Project("{8BC9CEB8-8B4A-11D0-8D11-00A0C91BC942}") = "NetworkInformation", "CH10\CH1001\NetworkInformation\NetworkInformation.vcxproj", "{51D7093C-7211-35C8-98E5-958E16524792}"
EndProject
Project("{8BC9CEB8-8B4A-11D0-8D11-00A0C91BC942}") = "UdpServer", "CH10\CH1002\UdpServer\UdpServer.vcxproj", "{455A5E42-C504-3659-A9E1-1153BC801D3D}"
EndProject
Project("{8BC9CEB8-8B4A-11D0-8D11-00A0C91BC942}") = "UdpClient", "CH10\CH1003\UdpClient\UdpClient.vcxproj", "{4334C2CE-0C04-3CA9-89CA-C83959713A4C}"
EndProject
Project("{8BC9CEB8-8B4A-11D0-8D11-00A0C91BC942}") = "TcpServer", "CH10\CH1004\TcpServer\TcpServer.vcxproj", "{D5E19731-FC7B-386A-89BF-1D6F6E2594F1}"
EndProject
Project("{8BC9CEB8-8B4A-11D0-8D11-00A0C91BC942}") = "TcpClient", "CH10\CH1005\TcpClient\TcpClient.vcxproj", "{D3AE7CD8-8240-3176-ADAC-08F8E36DCED8}"
EndProject
Project("{8BC9CEB8-8B4A-11D0-8D11-00A0C91BC942}") = "myHTTP", "CH10\CH1006\myHTTP\myHTTP.vcxproj", "{5230E70B-CB99-3BE6-AD0F-F0A29B851E53}"
EndProject
Project("{2150E333-8FDC-42A3-9474-1A3956D46DE8}") = "ch11", "ch11", "{51B50DAD-B7B4-4431-A89F-7BAD90DF341E}"
EndProject
Project("{8BC9CEB8-8B4A-11D0-8D11-00A0C91BC942}") = "MouseEvent", "CH11\CH1101\MouseEvent\MouseEvent.vcxproj", "{F88BFE40-9543-3B47-8B5E-9A1D6C631645}"
EndProject
Project("{8BC9CEB8-8B4A-11D0-8D11-00A0C91BC942}") = "KeyEvent", "CH11\CH1102\KeyEvent\KeyEvent.vcxproj", "{FCAFC118-15D8-3A90-9F7A-2AA7C55F0F0C}"
EndProject
Project("{8BC9CEB8-8B4A-11D0-8D11-00A0C91BC942}") = "EventFilter", "CH11\CH1103\EventFilter\EventFilter.vcxproj", "{D6F8D1A1-572B-34AA-AA7C-A6565D4FE275}"
EndProject
Project("{2150E333-8FDC-42A3-9474-1A3956D46DE8}") = "ch12", "ch12", "{822E3ECC-583E-486E-A90E-6C5AC6551D0B}"
EndProject
Project("{8BC9CEB8-8B4A-11D0-8D11-00A0C91BC942}") = "TimeServer", "CH12\CH1204\TimeServer\TimeServer.vcxproj", "{BCA31AE6-0265-3A4A-A9F6-13B51860EDA6}"
EndProject
Project("{8BC9CEB8-8B4A-11D0-8D11-00A0C91BC942}") = "TimeClient", "CH12\CH1205\TimeClient\TimeClient.vcxproj", "{28AF3C4C-A407-3802-B547-EAFBDEA5ACDC}"
EndProject
Project("{2150E333-8FDC-42A3-9474-1A3956D46DE8}") = "ch13", "ch13", "{77BEA9E5-F9F6-4FFE-BF88-98E5CAC76AAA}"
EndProject
Project("{8BC9CEB8-8B4A-11D0-8D11-00A0C91BC942}") = "QSQLiteEx", "CH13\CH1301\QSQLiteEx\QSQLiteEx.vcxproj", "{DF3851C1-E529-396B-AF30-069B986C8FFD}"
EndProject
Project("{8BC9CEB8-8B4A-11D0-8D11-00A0C91BC942}") = "SQLEx", "CH13\CH1302\SQLEx\SQLEx.vcxproj", "{9BBCF357-1FA3-38F6-8058-47E6FC48BFDB}"
EndProject
Project("{2150E333-8FDC-42A3-9474-1A3956D46DE8}") = "ch14", "ch14", "{1512847D-5234-4EED-808B-748B0A9811E7}"
EndProject
Project("{8BC9CEB8-8B4A-11D0-8D11-00A0C91BC942}") = "TestHello", "CH14\CH1401\TestHello\TestHello.vcxproj", "{0D3F1B8D-4E74-3494-817F-522E37501ACB}"
EndProject
Project("{8BC9CEB8-8B4A-11D0-8D11-00A0C91BC942}") = "LangSwitch", "CH14\CH1402\LangSwitch\LangSwitch.vcxproj", "{F62C4B61-47D2-39B7-8B44-AAFEA52FB54B}"
EndProject
Project("{2150E333-8FDC-42A3-9474-1A3956D46DE8}") = "ch15", "ch15", "{A6DC50DC-C38D-4B58-9144-99F6E2043749}"
EndProject
Project("{8BC9CEB8-8B4A-11D0-8D11-00A0C91BC942}") = "tst_testarea", "CH15\CH1501\AreaTest\tst_testarea.vcxproj", "{EA78F5A0-E0BC-3874-A575-9D47A75C3FCE}"
EndProject
Project("{8BC9CEB8-8B4A-11D0-8D11-00A0C91BC942}") = "tst_testqstring", "CH15\CH1502\TestQString\tst_testqstring.vcxproj", "{471769BC-EE26-3784-87DF-E0033990E2CD}"
EndProject
Project("{2150E333-8FDC-42A3-9474-1A3956D46DE8}") = "04", "04", "{622B9227-CACC-410A-B88C-158EA643E88A}"
EndProject
Project("{8BC9CEB8-8B4A-11D0-8D11-00A0C91BC942}") = "tst_testarea", "CH15\CH1503\AreaTest2\tst_testarea.vcxproj", "{B6451E94-78C6-3C62-BA54-5CF389D35928}"
EndProject
Project("{2150E333-8FDC-42A3-9474-1A3956D46DE8}") = "03", "03", "{9D324ED5-C2B6-4203-BAD3-89E1C768AFC2}"
EndProject
Project("{8BC9CEB8-8B4A-11D0-8D11-00A0C91BC942}") = "tst_testqstring2", "CH15\CH1504\TestQString2\tst_testqstring2.vcxproj", "{ECD147BE-AB95-3155-B08D-0107A90600D2}"
EndProject
Project("{2150E333-8FDC-42A3-9474-1A3956D46DE8}") = "ch16", "ch16", "{25DB7599-A259-440D-B65A-F254CF95FD18}"
EndProject
Project("{8BC9CEB8-8B4A-11D0-8D11-00A0C91BC942}") = "manager", "CH16\manager\manager.vcxproj", "{F4BE5660-E438-3D8A-A3A5-92E99847FA0F}"
EndProject
Project("{2150E333-8FDC-42A3-9474-1A3956D46DE8}") = "ch17", "ch17", "{8EC35964-6511-49BD-9234-FDC9646B9A66}"
EndProject
Project("{8BC9CEB8-8B4A-11D0-8D11-00A0C91BC942}") = "MyselfWord", "CH17\MyselfWord\MyselfWord.vcxproj", "{F8E35F52-683A-366D-B5AB-11E7FD25F492}"
EndProject
Project("{2150E333-8FDC-42A3-9474-1A3956D46DE8}") = "ch18", "ch18", "{3E068077-98A6-4572-947E-B702275EDB0C}"
EndProject
Project("{2150E333-8FDC-42A3-9474-1A3956D46DE8}") = "ch19", "ch19", "{AB8EB9DB-1BEF-4F28-9600-57B7AD468E5D}"
EndProject
Project("{8BC9CEB8-8B4A-11D0-8D11-00A0C91BC942}") = "MyselfQQ", "CH18\MyselfQQ\MyselfQQ.vcxproj", "{83FDE137-77FF-3E0A-9C5F-43B73E1366B2}"
EndProject
Project("{8BC9CEB8-8B4A-11D0-8D11-00A0C91BC942}") = "QmlDemo", "CH19\CH1901\QmlDemo\QmlDemo.vcxproj", "{8217DC98-F123-3CBF-A416-5495019EE052}"
EndProject
Project("{8BC9CEB8-8B4A-11D0-8D11-00A0C91BC942}") = "Rectangle", "CH19\CH1902\Rectangle\Rectangle.vcxproj", "{457AE3E6-1945-34CB-A6E4-1813E50DF9E9}"
EndProject
Project("{8BC9CEB8-8B4A-11D0-8D11-00A0C91BC942}") = "Image", "CH19\CH1903\Image\Image.vcxproj", "{50E73535-29B9-33F8-BB99-90B5E509D3C4}"
EndProject
Project("{8BC9CEB8-8B4A-11D0-8D11-00A0C91BC942}") = "Text", "CH19\CH1904\Text\Text.vcxproj", "{1D862AA6-7A94-38F3-B33A-B25F2ED8439B}"
EndProject
Project("{8BC9CEB8-8B4A-11D0-8D11-00A0C91BC942}") = "Custom", "CH19\CH1905\Custom\Custom.vcxproj", "{EA65778E-8F41-33AE-A832-91488B602668}"
EndProject
Project("{8BC9CEB8-8B4A-11D0-8D11-00A0C91BC942}") = "Positioner", "CH19\CH1906\Positioner\Positioner.vcxproj", "{3CCDDA7D-6ABB-31BD-8697-734DDE7CEF3B}"
EndProject
Project("{8BC9CEB8-8B4A-11D0-8D11-00A0C91BC942}") = "Repeater", "CH19\CH1907\Repeater\Repeater.vcxproj", "{127637A5-693D-3FC0-A524-A7587FF33E0C}"
EndProject
Project("{8BC9CEB8-8B4A-11D0-8D11-00A0C91BC942}") = "Anchor", "CH19\CH1908\Anchor\Anchor.vcxproj", "{1CA0EF73-5544-33B9-BE01-A62C8B46B9CF}"
EndProject
Project("{8BC9CEB8-8B4A-11D0-8D11-00A0C91BC942}") = "MouseArea", "CH19\CH1909\MouseArea\MouseArea.vcxproj", "{B67F68ED-958E-3397-B3AF-4CE1B5BE8D4A}"
EndProject
Project("{8BC9CEB8-8B4A-11D0-8D11-00A0C91BC942}") = "Keyboard", "CH19\CH1910\Keyboard\Keyboard.vcxproj", "{4D871807-E628-39E9-9708-07DA9A5331CC}"
EndProject
Project("{8BC9CEB8-8B4A-11D0-8D11-00A0C91BC942}") = "TextInput", "CH19\CH1911\TextInput\TextInput.vcxproj", "{A72B8885-40F9-3A78-A34D-4D5766D70AEF}"
EndProject
Project("{8BC9CEB8-8B4A-11D0-8D11-00A0C91BC942}") = "JavaScript", "CH19\CH1912\JavaScript\JavaScript.vcxproj", "{1E6031B5-29B6-3022-AB8C-2B818B15C47B}"
EndProject
Project("{8BC9CEB8-8B4A-11D0-8D11-00A0C91BC942}") = "JSFile", "CH19\CH1913\JSFile\JSFile.vcxproj", "{5DE74284-562C-3DC1-94B2-BA3B2756EFBF}"
EndProject
Global
	GlobalSection(SolutionConfigurationPlatforms) = preSolution
		Debug|x86 = Debug|x86
		Release|x86 = Release|x86
	EndGlobalSection
	GlobalSection(ProjectConfigurationPlatforms) = postSolution
		{64A34F60-33B9-3D98-9623-C097D58ACA95}.Debug|x86.ActiveCfg = Debug|Win32
		{64A34F60-33B9-3D98-9623-C097D58ACA95}.Debug|x86.Build.0 = Debug|Win32
		{64A34F60-33B9-3D98-9623-C097D58ACA95}.Release|x86.ActiveCfg = Release|Win32
		{64A34F60-33B9-3D98-9623-C097D58ACA95}.Release|x86.Build.0 = Release|Win32
		{182CD3F7-F7EF-348F-8C97-1F4A34C5F29B}.Debug|x86.ActiveCfg = Debug|Win32
		{182CD3F7-F7EF-348F-8C97-1F4A34C5F29B}.Debug|x86.Build.0 = Debug|Win32
		{182CD3F7-F7EF-348F-8C97-1F4A34C5F29B}.Release|x86.ActiveCfg = Release|Win32
		{182CD3F7-F7EF-348F-8C97-1F4A34C5F29B}.Release|x86.Build.0 = Release|Win32
		{96A137BA-5D53-35AC-A781-2C3BAFD38878}.Debug|x86.ActiveCfg = Debug|Win32
		{96A137BA-5D53-35AC-A781-2C3BAFD38878}.Debug|x86.Build.0 = Debug|Win32
		{96A137BA-5D53-35AC-A781-2C3BAFD38878}.Release|x86.ActiveCfg = Release|Win32
		{96A137BA-5D53-35AC-A781-2C3BAFD38878}.Release|x86.Build.0 = Release|Win32
		{0BC1BFC3-FA92-3882-B892-892F1651AA9F}.Debug|x86.ActiveCfg = Debug|Win32
		{0BC1BFC3-FA92-3882-B892-892F1651AA9F}.Debug|x86.Build.0 = Debug|Win32
		{0BC1BFC3-FA92-3882-B892-892F1651AA9F}.Release|x86.ActiveCfg = Release|Win32
		{0BC1BFC3-FA92-3882-B892-892F1651AA9F}.Release|x86.Build.0 = Release|Win32
		{294FC7F9-43F6-3F5E-B968-066C9DB94CC1}.Debug|x86.ActiveCfg = Debug|Win32
		{294FC7F9-43F6-3F5E-B968-066C9DB94CC1}.Debug|x86.Build.0 = Debug|Win32
		{294FC7F9-43F6-3F5E-B968-066C9DB94CC1}.Release|x86.ActiveCfg = Release|Win32
		{294FC7F9-43F6-3F5E-B968-066C9DB94CC1}.Release|x86.Build.0 = Release|Win32
		{BD17C210-7300-3963-A62D-8E3AA10E1212}.Debug|x86.ActiveCfg = Debug|Win32
		{BD17C210-7300-3963-A62D-8E3AA10E1212}.Debug|x86.Build.0 = Debug|Win32
		{BD17C210-7300-3963-A62D-8E3AA10E1212}.Release|x86.ActiveCfg = Release|Win32
		{BD17C210-7300-3963-A62D-8E3AA10E1212}.Release|x86.Build.0 = Release|Win32
		{298B05AF-CC98-3F11-AE19-70FF89BCB2FC}.Debug|x86.ActiveCfg = Debug|Win32
		{298B05AF-CC98-3F11-AE19-70FF89BCB2FC}.Debug|x86.Build.0 = Debug|Win32
		{298B05AF-CC98-3F11-AE19-70FF89BCB2FC}.Release|x86.ActiveCfg = Release|Win32
		{298B05AF-CC98-3F11-AE19-70FF89BCB2FC}.Release|x86.Build.0 = Release|Win32
		{90DF4092-0335-3D9D-A028-518F6924299B}.Debug|x86.ActiveCfg = Debug|Win32
		{90DF4092-0335-3D9D-A028-518F6924299B}.Debug|x86.Build.0 = Debug|Win32
		{90DF4092-0335-3D9D-A028-518F6924299B}.Release|x86.ActiveCfg = Release|Win32
		{90DF4092-0335-3D9D-A028-518F6924299B}.Release|x86.Build.0 = Release|Win32
		{856E7603-30C4-3460-9C91-0157DCB0E5FB}.Debug|x86.ActiveCfg = Debug|Win32
		{856E7603-30C4-3460-9C91-0157DCB0E5FB}.Debug|x86.Build.0 = Debug|Win32
		{856E7603-30C4-3460-9C91-0157DCB0E5FB}.Release|x86.ActiveCfg = Release|Win32
		{856E7603-30C4-3460-9C91-0157DCB0E5FB}.Release|x86.Build.0 = Release|Win32
		{3C10CE2C-2B47-3C99-B223-B4B586C2FADE}.Debug|x86.ActiveCfg = Debug|Win32
		{3C10CE2C-2B47-3C99-B223-B4B586C2FADE}.Debug|x86.Build.0 = Debug|Win32
		{3C10CE2C-2B47-3C99-B223-B4B586C2FADE}.Release|x86.ActiveCfg = Release|Win32
		{3C10CE2C-2B47-3C99-B223-B4B586C2FADE}.Release|x86.Build.0 = Release|Win32
		{DBF4F8CB-FDE6-3927-97AA-6EF2F07E2A9F}.Debug|x86.ActiveCfg = Debug|Win32
		{DBF4F8CB-FDE6-3927-97AA-6EF2F07E2A9F}.Debug|x86.Build.0 = Debug|Win32
		{DBF4F8CB-FDE6-3927-97AA-6EF2F07E2A9F}.Release|x86.ActiveCfg = Release|Win32
		{DBF4F8CB-FDE6-3927-97AA-6EF2F07E2A9F}.Release|x86.Build.0 = Release|Win32
		{431AD3E9-B6A9-3521-A324-83F6A692AD17}.Debug|x86.ActiveCfg = Debug|Win32
		{431AD3E9-B6A9-3521-A324-83F6A692AD17}.Debug|x86.Build.0 = Debug|Win32
		{431AD3E9-B6A9-3521-A324-83F6A692AD17}.Release|x86.ActiveCfg = Release|Win32
		{431AD3E9-B6A9-3521-A324-83F6A692AD17}.Release|x86.Build.0 = Release|Win32
		{911BA624-9BE9-3DC9-98E0-6FE85A3B56B3}.Debug|x86.ActiveCfg = Debug|Win32
		{911BA624-9BE9-3DC9-98E0-6FE85A3B56B3}.Debug|x86.Build.0 = Debug|Win32
		{911BA624-9BE9-3DC9-98E0-6FE85A3B56B3}.Release|x86.ActiveCfg = Release|Win32
		{911BA624-9BE9-3DC9-98E0-6FE85A3B56B3}.Release|x86.Build.0 = Release|Win32
		{E9949E6A-1A96-3228-A4BF-5BD35B4DD864}.Debug|x86.ActiveCfg = Debug|Win32
		{E9949E6A-1A96-3228-A4BF-5BD35B4DD864}.Debug|x86.Build.0 = Debug|Win32
		{E9949E6A-1A96-3228-A4BF-5BD35B4DD864}.Release|x86.ActiveCfg = Release|Win32
		{E9949E6A-1A96-3228-A4BF-5BD35B4DD864}.Release|x86.Build.0 = Release|Win32
		{67ECCBA2-D45F-37EF-8849-CA06381AE726}.Debug|x86.ActiveCfg = Debug|Win32
		{67ECCBA2-D45F-37EF-8849-CA06381AE726}.Debug|x86.Build.0 = Debug|Win32
		{67ECCBA2-D45F-37EF-8849-CA06381AE726}.Release|x86.ActiveCfg = Release|Win32
		{67ECCBA2-D45F-37EF-8849-CA06381AE726}.Release|x86.Build.0 = Release|Win32
		{9B2321E0-F6F8-3093-AB87-596BBB686464}.Debug|x86.ActiveCfg = Debug|Win32
		{9B2321E0-F6F8-3093-AB87-596BBB686464}.Debug|x86.Build.0 = Debug|Win32
		{9B2321E0-F6F8-3093-AB87-596BBB686464}.Release|x86.ActiveCfg = Release|Win32
		{9B2321E0-F6F8-3093-AB87-596BBB686464}.Release|x86.Build.0 = Release|Win32
		{970C25F4-91C3-3416-B550-F02CE9C32EDD}.Debug|x86.ActiveCfg = Debug|Win32
		{970C25F4-91C3-3416-B550-F02CE9C32EDD}.Debug|x86.Build.0 = Debug|Win32
		{970C25F4-91C3-3416-B550-F02CE9C32EDD}.Release|x86.ActiveCfg = Release|Win32
		{970C25F4-91C3-3416-B550-F02CE9C32EDD}.Release|x86.Build.0 = Release|Win32
		{2980DE5B-A51E-357D-ACC0-DC9845645AE2}.Debug|x86.ActiveCfg = Debug|Win32
		{2980DE5B-A51E-357D-ACC0-DC9845645AE2}.Debug|x86.Build.0 = Debug|Win32
		{2980DE5B-A51E-357D-ACC0-DC9845645AE2}.Release|x86.ActiveCfg = Release|Win32
		{2980DE5B-A51E-357D-ACC0-DC9845645AE2}.Release|x86.Build.0 = Release|Win32
		{BDF05D12-EA9B-3A0E-A12A-0C58A3D69130}.Debug|x86.ActiveCfg = Debug|Win32
		{BDF05D12-EA9B-3A0E-A12A-0C58A3D69130}.Debug|x86.Build.0 = Debug|Win32
		{BDF05D12-EA9B-3A0E-A12A-0C58A3D69130}.Release|x86.ActiveCfg = Release|Win32
		{BDF05D12-EA9B-3A0E-A12A-0C58A3D69130}.Release|x86.Build.0 = Release|Win32
		{1BA829C8-26B5-3F51-A3A2-E399169EF064}.Debug|x86.ActiveCfg = Debug|Win32
		{1BA829C8-26B5-3F51-A3A2-E399169EF064}.Debug|x86.Build.0 = Debug|Win32
		{1BA829C8-26B5-3F51-A3A2-E399169EF064}.Release|x86.ActiveCfg = Release|Win32
		{1BA829C8-26B5-3F51-A3A2-E399169EF064}.Release|x86.Build.0 = Release|Win32
		{5CECD493-DBB5-395C-83C2-4A3D6D8BB3F1}.Debug|x86.ActiveCfg = Debug|Win32
		{5CECD493-DBB5-395C-83C2-4A3D6D8BB3F1}.Debug|x86.Build.0 = Debug|Win32
		{5CECD493-DBB5-395C-83C2-4A3D6D8BB3F1}.Release|x86.ActiveCfg = Release|Win32
		{5CECD493-DBB5-395C-83C2-4A3D6D8BB3F1}.Release|x86.Build.0 = Release|Win32
		{62E2AB15-02C6-322A-A237-9AB93AEC423E}.Debug|x86.ActiveCfg = Debug|Win32
		{62E2AB15-02C6-322A-A237-9AB93AEC423E}.Debug|x86.Build.0 = Debug|Win32
		{62E2AB15-02C6-322A-A237-9AB93AEC423E}.Release|x86.ActiveCfg = Release|Win32
		{62E2AB15-02C6-322A-A237-9AB93AEC423E}.Release|x86.Build.0 = Release|Win32
		{D472884C-3B61-3FD8-BA9C-614BFF151D8C}.Debug|x86.ActiveCfg = Debug|Win32
		{D472884C-3B61-3FD8-BA9C-614BFF151D8C}.Debug|x86.Build.0 = Debug|Win32
		{D472884C-3B61-3FD8-BA9C-614BFF151D8C}.Release|x86.ActiveCfg = Release|Win32
		{D472884C-3B61-3FD8-BA9C-614BFF151D8C}.Release|x86.Build.0 = Release|Win32
		{6589AB5E-8954-3CED-B1AC-DBD47D5D2D00}.Debug|x86.ActiveCfg = Debug|Win32
		{6589AB5E-8954-3CED-B1AC-DBD47D5D2D00}.Debug|x86.Build.0 = Debug|Win32
		{6589AB5E-8954-3CED-B1AC-DBD47D5D2D00}.Release|x86.ActiveCfg = Release|Win32
		{6589AB5E-8954-3CED-B1AC-DBD47D5D2D00}.Release|x86.Build.0 = Release|Win32
		{6EE7FC21-5CD8-364F-83FD-A008EA12C207}.Debug|x86.ActiveCfg = Debug|Win32
		{6EE7FC21-5CD8-364F-83FD-A008EA12C207}.Debug|x86.Build.0 = Debug|Win32
		{6EE7FC21-5CD8-364F-83FD-A008EA12C207}.Release|x86.ActiveCfg = Release|Win32
		{6EE7FC21-5CD8-364F-83FD-A008EA12C207}.Release|x86.Build.0 = Release|Win32
		{54956303-DE8D-3A26-B334-23E7074CAE10}.Debug|x86.ActiveCfg = Debug|Win32
		{54956303-DE8D-3A26-B334-23E7074CAE10}.Debug|x86.Build.0 = Debug|Win32
		{54956303-DE8D-3A26-B334-23E7074CAE10}.Release|x86.ActiveCfg = Release|Win32
		{54956303-DE8D-3A26-B334-23E7074CAE10}.Release|x86.Build.0 = Release|Win32
		{5E21CDEB-46F3-330A-AFF4-87108688EEBC}.Debug|x86.ActiveCfg = Debug|Win32
		{5E21CDEB-46F3-330A-AFF4-87108688EEBC}.Debug|x86.Build.0 = Debug|Win32
		{5E21CDEB-46F3-330A-AFF4-87108688EEBC}.Release|x86.ActiveCfg = Release|Win32
		{5E21CDEB-46F3-330A-AFF4-87108688EEBC}.Release|x86.Build.0 = Release|Win32
		{A2B861AD-95B5-32F2-A08F-998093F55004}.Debug|x86.ActiveCfg = Debug|Win32
		{A2B861AD-95B5-32F2-A08F-998093F55004}.Debug|x86.Build.0 = Debug|Win32
		{A2B861AD-95B5-32F2-A08F-998093F55004}.Release|x86.ActiveCfg = Release|Win32
		{A2B861AD-95B5-32F2-A08F-998093F55004}.Release|x86.Build.0 = Release|Win32
		{C57DAD6B-D02B-33B1-9BCB-4772627A88B2}.Debug|x86.ActiveCfg = Debug|Win32
		{C57DAD6B-D02B-33B1-9BCB-4772627A88B2}.Debug|x86.Build.0 = Debug|Win32
		{C57DAD6B-D02B-33B1-9BCB-4772627A88B2}.Release|x86.ActiveCfg = Release|Win32
		{C57DAD6B-D02B-33B1-9BCB-4772627A88B2}.Release|x86.Build.0 = Release|Win32
		{5986B4DA-1506-3217-ABD7-DC38F01A7E19}.Debug|x86.ActiveCfg = Debug|Win32
		{5986B4DA-1506-3217-ABD7-DC38F01A7E19}.Debug|x86.Build.0 = Debug|Win32
		{5986B4DA-1506-3217-ABD7-DC38F01A7E19}.Release|x86.ActiveCfg = Release|Win32
		{5986B4DA-1506-3217-ABD7-DC38F01A7E19}.Release|x86.Build.0 = Release|Win32
		{7EDC05EE-4C96-3915-B913-E2C875137B9B}.Debug|x86.ActiveCfg = Debug|Win32
		{7EDC05EE-4C96-3915-B913-E2C875137B9B}.Debug|x86.Build.0 = Debug|Win32
		{7EDC05EE-4C96-3915-B913-E2C875137B9B}.Release|x86.ActiveCfg = Release|Win32
		{7EDC05EE-4C96-3915-B913-E2C875137B9B}.Release|x86.Build.0 = Release|Win32
		{7215FC6F-42CC-3964-9C7B-32D87A41FD7B}.Debug|x86.ActiveCfg = Debug|Win32
		{7215FC6F-42CC-3964-9C7B-32D87A41FD7B}.Debug|x86.Build.0 = Debug|Win32
		{7215FC6F-42CC-3964-9C7B-32D87A41FD7B}.Release|x86.ActiveCfg = Release|Win32
		{7215FC6F-42CC-3964-9C7B-32D87A41FD7B}.Release|x86.Build.0 = Release|Win32
		{FF2F31F7-99B4-3664-A692-0E7EB61D01FD}.Debug|x86.ActiveCfg = Debug|Win32
		{FF2F31F7-99B4-3664-A692-0E7EB61D01FD}.Debug|x86.Build.0 = Debug|Win32
		{FF2F31F7-99B4-3664-A692-0E7EB61D01FD}.Release|x86.ActiveCfg = Release|Win32
		{FF2F31F7-99B4-3664-A692-0E7EB61D01FD}.Release|x86.Build.0 = Release|Win32
		{ED2E4EC5-12C6-3859-8B25-DF46EA403ADD}.Debug|x86.ActiveCfg = Debug|Win32
		{ED2E4EC5-12C6-3859-8B25-DF46EA403ADD}.Debug|x86.Build.0 = Debug|Win32
		{ED2E4EC5-12C6-3859-8B25-DF46EA403ADD}.Release|x86.ActiveCfg = Release|Win32
		{ED2E4EC5-12C6-3859-8B25-DF46EA403ADD}.Release|x86.Build.0 = Release|Win32
		{0DCD05C1-AFC9-31A2-B7FF-0CFFEF22E8A1}.Debug|x86.ActiveCfg = Debug|Win32
		{0DCD05C1-AFC9-31A2-B7FF-0CFFEF22E8A1}.Debug|x86.Build.0 = Debug|Win32
		{0DCD05C1-AFC9-31A2-B7FF-0CFFEF22E8A1}.Release|x86.ActiveCfg = Release|Win32
		{0DCD05C1-AFC9-31A2-B7FF-0CFFEF22E8A1}.Release|x86.Build.0 = Release|Win32
		{D05BB584-A2DF-32D6-8EE7-4CC7F027835B}.Debug|x86.ActiveCfg = Debug|Win32
		{D05BB584-A2DF-32D6-8EE7-4CC7F027835B}.Debug|x86.Build.0 = Debug|Win32
		{D05BB584-A2DF-32D6-8EE7-4CC7F027835B}.Release|x86.ActiveCfg = Release|Win32
		{D05BB584-A2DF-32D6-8EE7-4CC7F027835B}.Release|x86.Build.0 = Release|Win32
		{B4FBEF3B-45D5-3EB0-A8EA-594D9DD33E06}.Debug|x86.ActiveCfg = Debug|Win32
		{B4FBEF3B-45D5-3EB0-A8EA-594D9DD33E06}.Debug|x86.Build.0 = Debug|Win32
		{B4FBEF3B-45D5-3EB0-A8EA-594D9DD33E06}.Release|x86.ActiveCfg = Release|Win32
		{B4FBEF3B-45D5-3EB0-A8EA-594D9DD33E06}.Release|x86.Build.0 = Release|Win32
		{77A1B4FC-A422-3992-A76F-F930E8871339}.Debug|x86.ActiveCfg = Debug|Win32
		{77A1B4FC-A422-3992-A76F-F930E8871339}.Debug|x86.Build.0 = Debug|Win32
		{77A1B4FC-A422-3992-A76F-F930E8871339}.Release|x86.ActiveCfg = Release|Win32
		{77A1B4FC-A422-3992-A76F-F930E8871339}.Release|x86.Build.0 = Release|Win32
		{E80FC0D3-C036-34E6-888D-358156244F52}.Debug|x86.ActiveCfg = Debug|Win32
		{E80FC0D3-C036-34E6-888D-358156244F52}.Debug|x86.Build.0 = Debug|Win32
		{E80FC0D3-C036-34E6-888D-358156244F52}.Release|x86.ActiveCfg = Release|Win32
		{E80FC0D3-C036-34E6-888D-358156244F52}.Release|x86.Build.0 = Release|Win32
		{2A59FA67-859C-3E08-BBBC-8B2E048FDE95}.Debug|x86.ActiveCfg = Debug|Win32
		{2A59FA67-859C-3E08-BBBC-8B2E048FDE95}.Debug|x86.Build.0 = Debug|Win32
		{2A59FA67-859C-3E08-BBBC-8B2E048FDE95}.Release|x86.ActiveCfg = Release|Win32
		{2A59FA67-859C-3E08-BBBC-8B2E048FDE95}.Release|x86.Build.0 = Release|Win32
		{089CBABB-1CC2-37AD-94FB-52A75F557A55}.Debug|x86.ActiveCfg = Debug|Win32
		{089CBABB-1CC2-37AD-94FB-52A75F557A55}.Debug|x86.Build.0 = Debug|Win32
		{089CBABB-1CC2-37AD-94FB-52A75F557A55}.Release|x86.ActiveCfg = Release|Win32
		{089CBABB-1CC2-37AD-94FB-52A75F557A55}.Release|x86.Build.0 = Release|Win32
		{FE01F322-194C-3B6A-B333-46893C332E3A}.Debug|x86.ActiveCfg = Debug|Win32
		{FE01F322-194C-3B6A-B333-46893C332E3A}.Debug|x86.Build.0 = Debug|Win32
		{FE01F322-194C-3B6A-B333-46893C332E3A}.Release|x86.ActiveCfg = Release|Win32
		{FE01F322-194C-3B6A-B333-46893C332E3A}.Release|x86.Build.0 = Release|Win32
		{D47C6EA0-81E5-3967-9FCE-63CAAAD235B4}.Debug|x86.ActiveCfg = Debug|Win32
		{D47C6EA0-81E5-3967-9FCE-63CAAAD235B4}.Debug|x86.Build.0 = Debug|Win32
		{D47C6EA0-81E5-3967-9FCE-63CAAAD235B4}.Release|x86.ActiveCfg = Release|Win32
		{D47C6EA0-81E5-3967-9FCE-63CAAAD235B4}.Release|x86.Build.0 = Release|Win32
		{9A1A3D3E-8CFB-3D70-BF04-470F0A6CAA7F}.Debug|x86.ActiveCfg = Debug|Win32
		{9A1A3D3E-8CFB-3D70-BF04-470F0A6CAA7F}.Debug|x86.Build.0 = Debug|Win32
		{9A1A3D3E-8CFB-3D70-BF04-470F0A6CAA7F}.Release|x86.ActiveCfg = Release|Win32
		{9A1A3D3E-8CFB-3D70-BF04-470F0A6CAA7F}.Release|x86.Build.0 = Release|Win32
		{A1FD8953-3087-3CD2-8450-BB9562F20102}.Debug|x86.ActiveCfg = Debug|Win32
		{A1FD8953-3087-3CD2-8450-BB9562F20102}.Debug|x86.Build.0 = Debug|Win32
		{A1FD8953-3087-3CD2-8450-BB9562F20102}.Release|x86.ActiveCfg = Release|Win32
		{A1FD8953-3087-3CD2-8450-BB9562F20102}.Release|x86.Build.0 = Release|Win32
		{51D7093C-7211-35C8-98E5-958E16524792}.Debug|x86.ActiveCfg = Debug|Win32
		{51D7093C-7211-35C8-98E5-958E16524792}.Debug|x86.Build.0 = Debug|Win32
		{51D7093C-7211-35C8-98E5-958E16524792}.Release|x86.ActiveCfg = Release|Win32
		{51D7093C-7211-35C8-98E5-958E16524792}.Release|x86.Build.0 = Release|Win32
		{455A5E42-C504-3659-A9E1-1153BC801D3D}.Debug|x86.ActiveCfg = Debug|Win32
		{455A5E42-C504-3659-A9E1-1153BC801D3D}.Debug|x86.Build.0 = Debug|Win32
		{455A5E42-C504-3659-A9E1-1153BC801D3D}.Release|x86.ActiveCfg = Release|Win32
		{455A5E42-C504-3659-A9E1-1153BC801D3D}.Release|x86.Build.0 = Release|Win32
		{4334C2CE-0C04-3CA9-89CA-C83959713A4C}.Debug|x86.ActiveCfg = Debug|Win32
		{4334C2CE-0C04-3CA9-89CA-C83959713A4C}.Debug|x86.Build.0 = Debug|Win32
		{4334C2CE-0C04-3CA9-89CA-C83959713A4C}.Release|x86.ActiveCfg = Release|Win32
		{4334C2CE-0C04-3CA9-89CA-C83959713A4C}.Release|x86.Build.0 = Release|Win32
		{D5E19731-FC7B-386A-89BF-1D6F6E2594F1}.Debug|x86.ActiveCfg = Debug|Win32
		{D5E19731-FC7B-386A-89BF-1D6F6E2594F1}.Debug|x86.Build.0 = Debug|Win32
		{D5E19731-FC7B-386A-89BF-1D6F6E2594F1}.Release|x86.ActiveCfg = Release|Win32
		{D5E19731-FC7B-386A-89BF-1D6F6E2594F1}.Release|x86.Build.0 = Release|Win32
		{D3AE7CD8-8240-3176-ADAC-08F8E36DCED8}.Debug|x86.ActiveCfg = Debug|Win32
		{D3AE7CD8-8240-3176-ADAC-08F8E36DCED8}.Debug|x86.Build.0 = Debug|Win32
		{D3AE7CD8-8240-3176-ADAC-08F8E36DCED8}.Release|x86.ActiveCfg = Release|Win32
		{D3AE7CD8-8240-3176-ADAC-08F8E36DCED8}.Release|x86.Build.0 = Release|Win32
		{5230E70B-CB99-3BE6-AD0F-F0A29B851E53}.Debug|x86.ActiveCfg = Debug|Win32
		{5230E70B-CB99-3BE6-AD0F-F0A29B851E53}.Debug|x86.Build.0 = Debug|Win32
		{5230E70B-CB99-3BE6-AD0F-F0A29B851E53}.Release|x86.ActiveCfg = Release|Win32
		{5230E70B-CB99-3BE6-AD0F-F0A29B851E53}.Release|x86.Build.0 = Release|Win32
		{F88BFE40-9543-3B47-8B5E-9A1D6C631645}.Debug|x86.ActiveCfg = Debug|Win32
		{F88BFE40-9543-3B47-8B5E-9A1D6C631645}.Debug|x86.Build.0 = Debug|Win32
		{F88BFE40-9543-3B47-8B5E-9A1D6C631645}.Release|x86.ActiveCfg = Release|Win32
		{F88BFE40-9543-3B47-8B5E-9A1D6C631645}.Release|x86.Build.0 = Release|Win32
		{FCAFC118-15D8-3A90-9F7A-2AA7C55F0F0C}.Debug|x86.ActiveCfg = Debug|Win32
		{FCAFC118-15D8-3A90-9F7A-2AA7C55F0F0C}.Debug|x86.Build.0 = Debug|Win32
		{FCAFC118-15D8-3A90-9F7A-2AA7C55F0F0C}.Release|x86.ActiveCfg = Release|Win32
		{FCAFC118-15D8-3A90-9F7A-2AA7C55F0F0C}.Release|x86.Build.0 = Release|Win32
		{D6F8D1A1-572B-34AA-AA7C-A6565D4FE275}.Debug|x86.ActiveCfg = Debug|Win32
		{D6F8D1A1-572B-34AA-AA7C-A6565D4FE275}.Debug|x86.Build.0 = Debug|Win32
		{D6F8D1A1-572B-34AA-AA7C-A6565D4FE275}.Release|x86.ActiveCfg = Release|Win32
		{D6F8D1A1-572B-34AA-AA7C-A6565D4FE275}.Release|x86.Build.0 = Release|Win32
		{BCA31AE6-0265-3A4A-A9F6-13B51860EDA6}.Debug|x86.ActiveCfg = Debug|Win32
		{BCA31AE6-0265-3A4A-A9F6-13B51860EDA6}.Debug|x86.Build.0 = Debug|Win32
		{BCA31AE6-0265-3A4A-A9F6-13B51860EDA6}.Release|x86.ActiveCfg = Release|Win32
		{BCA31AE6-0265-3A4A-A9F6-13B51860EDA6}.Release|x86.Build.0 = Release|Win32
		{28AF3C4C-A407-3802-B547-EAFBDEA5ACDC}.Debug|x86.ActiveCfg = Debug|Win32
		{28AF3C4C-A407-3802-B547-EAFBDEA5ACDC}.Debug|x86.Build.0 = Debug|Win32
		{28AF3C4C-A407-3802-B547-EAFBDEA5ACDC}.Release|x86.ActiveCfg = Release|Win32
		{28AF3C4C-A407-3802-B547-EAFBDEA5ACDC}.Release|x86.Build.0 = Release|Win32
		{DF3851C1-E529-396B-AF30-069B986C8FFD}.Debug|x86.ActiveCfg = Debug|Win32
		{DF3851C1-E529-396B-AF30-069B986C8FFD}.Debug|x86.Build.0 = Debug|Win32
		{DF3851C1-E529-396B-AF30-069B986C8FFD}.Release|x86.ActiveCfg = Release|Win32
		{DF3851C1-E529-396B-AF30-069B986C8FFD}.Release|x86.Build.0 = Release|Win32
		{9BBCF357-1FA3-38F6-8058-47E6FC48BFDB}.Debug|x86.ActiveCfg = Debug|Win32
		{9BBCF357-1FA3-38F6-8058-47E6FC48BFDB}.Debug|x86.Build.0 = Debug|Win32
		{9BBCF357-1FA3-38F6-8058-47E6FC48BFDB}.Release|x86.ActiveCfg = Release|Win32
		{9BBCF357-1FA3-38F6-8058-47E6FC48BFDB}.Release|x86.Build.0 = Release|Win32
		{0D3F1B8D-4E74-3494-817F-522E37501ACB}.Debug|x86.ActiveCfg = Debug|Win32
		{0D3F1B8D-4E74-3494-817F-522E37501ACB}.Debug|x86.Build.0 = Debug|Win32
		{0D3F1B8D-4E74-3494-817F-522E37501ACB}.Release|x86.ActiveCfg = Release|Win32
		{0D3F1B8D-4E74-3494-817F-522E37501ACB}.Release|x86.Build.0 = Release|Win32
		{F62C4B61-47D2-39B7-8B44-AAFEA52FB54B}.Debug|x86.ActiveCfg = Debug|Win32
		{F62C4B61-47D2-39B7-8B44-AAFEA52FB54B}.Debug|x86.Build.0 = Debug|Win32
		{F62C4B61-47D2-39B7-8B44-AAFEA52FB54B}.Release|x86.ActiveCfg = Release|Win32
		{F62C4B61-47D2-39B7-8B44-AAFEA52FB54B}.Release|x86.Build.0 = Release|Win32
		{EA78F5A0-E0BC-3874-A575-9D47A75C3FCE}.Debug|x86.ActiveCfg = Debug|Win32
		{EA78F5A0-E0BC-3874-A575-9D47A75C3FCE}.Debug|x86.Build.0 = Debug|Win32
		{EA78F5A0-E0BC-3874-A575-9D47A75C3FCE}.Release|x86.ActiveCfg = Release|Win32
		{EA78F5A0-E0BC-3874-A575-9D47A75C3FCE}.Release|x86.Build.0 = Release|Win32
		{471769BC-EE26-3784-87DF-E0033990E2CD}.Debug|x86.ActiveCfg = Debug|Win32
		{471769BC-EE26-3784-87DF-E0033990E2CD}.Debug|x86.Build.0 = Debug|Win32
		{471769BC-EE26-3784-87DF-E0033990E2CD}.Release|x86.ActiveCfg = Release|Win32
		{471769BC-EE26-3784-87DF-E0033990E2CD}.Release|x86.Build.0 = Release|Win32
		{B6451E94-78C6-3C62-BA54-5CF389D35928}.Debug|x86.ActiveCfg = Debug|Win32
		{B6451E94-78C6-3C62-BA54-5CF389D35928}.Debug|x86.Build.0 = Debug|Win32
		{B6451E94-78C6-3C62-BA54-5CF389D35928}.Release|x86.ActiveCfg = Release|Win32
		{B6451E94-78C6-3C62-BA54-5CF389D35928}.Release|x86.Build.0 = Release|Win32
		{ECD147BE-AB95-3155-B08D-0107A90600D2}.Debug|x86.ActiveCfg = Debug|Win32
		{ECD147BE-AB95-3155-B08D-0107A90600D2}.Debug|x86.Build.0 = Debug|Win32
		{ECD147BE-AB95-3155-B08D-0107A90600D2}.Release|x86.ActiveCfg = Release|Win32
		{ECD147BE-AB95-3155-B08D-0107A90600D2}.Release|x86.Build.0 = Release|Win32
		{F4BE5660-E438-3D8A-A3A5-92E99847FA0F}.Debug|x86.ActiveCfg = Debug|Win32
		{F4BE5660-E438-3D8A-A3A5-92E99847FA0F}.Debug|x86.Build.0 = Debug|Win32
		{F4BE5660-E438-3D8A-A3A5-92E99847FA0F}.Release|x86.ActiveCfg = Release|Win32
		{F4BE5660-E438-3D8A-A3A5-92E99847FA0F}.Release|x86.Build.0 = Release|Win32
		{F8E35F52-683A-366D-B5AB-11E7FD25F492}.Debug|x86.ActiveCfg = Debug|Win32
		{F8E35F52-683A-366D-B5AB-11E7FD25F492}.Debug|x86.Build.0 = Debug|Win32
		{F8E35F52-683A-366D-B5AB-11E7FD25F492}.Release|x86.ActiveCfg = Release|Win32
		{F8E35F52-683A-366D-B5AB-11E7FD25F492}.Release|x86.Build.0 = Release|Win32
		{83FDE137-77FF-3E0A-9C5F-43B73E1366B2}.Debug|x86.ActiveCfg = Debug|Win32
		{83FDE137-77FF-3E0A-9C5F-43B73E1366B2}.Debug|x86.Build.0 = Debug|Win32
		{83FDE137-77FF-3E0A-9C5F-43B73E1366B2}.Release|x86.ActiveCfg = Release|Win32
		{83FDE137-77FF-3E0A-9C5F-43B73E1366B2}.Release|x86.Build.0 = Release|Win32
		{8217DC98-F123-3CBF-A416-5495019EE052}.Debug|x86.ActiveCfg = Debug|Win32
		{8217DC98-F123-3CBF-A416-5495019EE052}.Debug|x86.Build.0 = Debug|Win32
		{8217DC98-F123-3CBF-A416-5495019EE052}.Release|x86.ActiveCfg = Release|Win32
		{8217DC98-F123-3CBF-A416-5495019EE052}.Release|x86.Build.0 = Release|Win32
		{457AE3E6-1945-34CB-A6E4-1813E50DF9E9}.Debug|x86.ActiveCfg = Debug|Win32
		{457AE3E6-1945-34CB-A6E4-1813E50DF9E9}.Debug|x86.Build.0 = Debug|Win32
		{457AE3E6-1945-34CB-A6E4-1813E50DF9E9}.Release|x86.ActiveCfg = Release|Win32
		{457AE3E6-1945-34CB-A6E4-1813E50DF9E9}.Release|x86.Build.0 = Release|Win32
		{50E73535-29B9-33F8-BB99-90B5E509D3C4}.Debug|x86.ActiveCfg = Debug|Win32
		{50E73535-29B9-33F8-BB99-90B5E509D3C4}.Debug|x86.Build.0 = Debug|Win32
		{50E73535-29B9-33F8-BB99-90B5E509D3C4}.Release|x86.ActiveCfg = Release|Win32
		{50E73535-29B9-33F8-BB99-90B5E509D3C4}.Release|x86.Build.0 = Release|Win32
		{1D862AA6-7A94-38F3-B33A-B25F2ED8439B}.Debug|x86.ActiveCfg = Debug|Win32
		{1D862AA6-7A94-38F3-B33A-B25F2ED8439B}.Debug|x86.Build.0 = Debug|Win32
		{1D862AA6-7A94-38F3-B33A-B25F2ED8439B}.Release|x86.ActiveCfg = Release|Win32
		{1D862AA6-7A94-38F3-B33A-B25F2ED8439B}.Release|x86.Build.0 = Release|Win32
		{EA65778E-8F41-33AE-A832-91488B602668}.Debug|x86.ActiveCfg = Debug|Win32
		{EA65778E-8F41-33AE-A832-91488B602668}.Debug|x86.Build.0 = Debug|Win32
		{EA65778E-8F41-33AE-A832-91488B602668}.Release|x86.ActiveCfg = Release|Win32
		{EA65778E-8F41-33AE-A832-91488B602668}.Release|x86.Build.0 = Release|Win32
		{3CCDDA7D-6ABB-31BD-8697-734DDE7CEF3B}.Debug|x86.ActiveCfg = Debug|Win32
		{3CCDDA7D-6ABB-31BD-8697-734DDE7CEF3B}.Debug|x86.Build.0 = Debug|Win32
		{3CCDDA7D-6ABB-31BD-8697-734DDE7CEF3B}.Release|x86.ActiveCfg = Release|Win32
		{3CCDDA7D-6ABB-31BD-8697-734DDE7CEF3B}.Release|x86.Build.0 = Release|Win32
		{127637A5-693D-3FC0-A524-A7587FF33E0C}.Debug|x86.ActiveCfg = Debug|Win32
		{127637A5-693D-3FC0-A524-A7587FF33E0C}.Debug|x86.Build.0 = Debug|Win32
		{127637A5-693D-3FC0-A524-A7587FF33E0C}.Release|x86.ActiveCfg = Release|Win32
		{127637A5-693D-3FC0-A524-A7587FF33E0C}.Release|x86.Build.0 = Release|Win32
		{1CA0EF73-5544-33B9-BE01-A62C8B46B9CF}.Debug|x86.ActiveCfg = Debug|Win32
		{1CA0EF73-5544-33B9-BE01-A62C8B46B9CF}.Debug|x86.Build.0 = Debug|Win32
		{1CA0EF73-5544-33B9-BE01-A62C8B46B9CF}.Release|x86.ActiveCfg = Release|Win32
		{1CA0EF73-5544-33B9-BE01-A62C8B46B9CF}.Release|x86.Build.0 = Release|Win32
		{B67F68ED-958E-3397-B3AF-4CE1B5BE8D4A}.Debug|x86.ActiveCfg = Debug|Win32
		{B67F68ED-958E-3397-B3AF-4CE1B5BE8D4A}.Debug|x86.Build.0 = Debug|Win32
		{B67F68ED-958E-3397-B3AF-4CE1B5BE8D4A}.Release|x86.ActiveCfg = Release|Win32
		{B67F68ED-958E-3397-B3AF-4CE1B5BE8D4A}.Release|x86.Build.0 = Release|Win32
		{4D871807-E628-39E9-9708-07DA9A5331CC}.Debug|x86.ActiveCfg = Debug|Win32
		{4D871807-E628-39E9-9708-07DA9A5331CC}.Debug|x86.Build.0 = Debug|Win32
		{4D871807-E628-39E9-9708-07DA9A5331CC}.Release|x86.ActiveCfg = Release|Win32
		{4D871807-E628-39E9-9708-07DA9A5331CC}.Release|x86.Build.0 = Release|Win32
		{A72B8885-40F9-3A78-A34D-4D5766D70AEF}.Debug|x86.ActiveCfg = Debug|Win32
		{A72B8885-40F9-3A78-A34D-4D5766D70AEF}.Debug|x86.Build.0 = Debug|Win32
		{A72B8885-40F9-3A78-A34D-4D5766D70AEF}.Release|x86.ActiveCfg = Release|Win32
		{A72B8885-40F9-3A78-A34D-4D5766D70AEF}.Release|x86.Build.0 = Release|Win32
		{1E6031B5-29B6-3022-AB8C-2B818B15C47B}.Debug|x86.ActiveCfg = Debug|Win32
		{1E6031B5-29B6-3022-AB8C-2B818B15C47B}.Debug|x86.Build.0 = Debug|Win32
		{1E6031B5-29B6-3022-AB8C-2B818B15C47B}.Release|x86.ActiveCfg = Release|Win32
		{1E6031B5-29B6-3022-AB8C-2B818B15C47B}.Release|x86.Build.0 = Release|Win32
		{5DE74284-562C-3DC1-94B2-BA3B2756EFBF}.Debug|x86.ActiveCfg = Debug|Win32
		{5DE74284-562C-3DC1-94B2-BA3B2756EFBF}.Debug|x86.Build.0 = Debug|Win32
		{5DE74284-562C-3DC1-94B2-BA3B2756EFBF}.Release|x86.ActiveCfg = Release|Win32
		{5DE74284-562C-3DC1-94B2-BA3B2756EFBF}.Release|x86.Build.0 = Release|Win32
	EndGlobalSection
	GlobalSection(SolutionProperties) = preSolution
		HideSolutionNode = FALSE
	EndGlobalSection
	GlobalSection(NestedProjects) = preSolution
		{64A34F60-33B9-3D98-9623-C097D58ACA95} = {EA85448A-ACFE-4EA8-9CCA-4F3D727E9933}
		{182CD3F7-F7EF-348F-8C97-1F4A34C5F29B} = {429549A1-078B-4722-A5BE-C462F7D06EC6}
		{429549A1-078B-4722-A5BE-C462F7D06EC6} = {7107BB45-F642-4E34-9EA7-94C4F8B109FA}
		{EB768D2F-9AA7-4A5F-A63A-C0152865E7E7} = {7107BB45-F642-4E34-9EA7-94C4F8B109FA}
		{96A137BA-5D53-35AC-A781-2C3BAFD38878} = {EB768D2F-9AA7-4A5F-A63A-C0152865E7E7}
		{0BC1BFC3-FA92-3882-B892-892F1651AA9F} = {60EF1EC8-B7B7-46F5-9740-72F95D5DFDFF}
		{294FC7F9-43F6-3F5E-B968-066C9DB94CC1} = {60EF1EC8-B7B7-46F5-9740-72F95D5DFDFF}
		{BD17C210-7300-3963-A62D-8E3AA10E1212} = {60EF1EC8-B7B7-46F5-9740-72F95D5DFDFF}
		{298B05AF-CC98-3F11-AE19-70FF89BCB2FC} = {60EF1EC8-B7B7-46F5-9740-72F95D5DFDFF}
		{90DF4092-0335-3D9D-A028-518F6924299B} = {60EF1EC8-B7B7-46F5-9740-72F95D5DFDFF}
		{856E7603-30C4-3460-9C91-0157DCB0E5FB} = {60EF1EC8-B7B7-46F5-9740-72F95D5DFDFF}
		{3C10CE2C-2B47-3C99-B223-B4B586C2FADE} = {60EF1EC8-B7B7-46F5-9740-72F95D5DFDFF}
		{DBF4F8CB-FDE6-3927-97AA-6EF2F07E2A9F} = {60EF1EC8-B7B7-46F5-9740-72F95D5DFDFF}
		{431AD3E9-B6A9-3521-A324-83F6A692AD17} = {60EF1EC8-B7B7-46F5-9740-72F95D5DFDFF}
		{911BA624-9BE9-3DC9-98E0-6FE85A3B56B3} = {60EF1EC8-B7B7-46F5-9740-72F95D5DFDFF}
		{E9949E6A-1A96-3228-A4BF-5BD35B4DD864} = {663FDF6C-39DF-4282-B171-0969A1352432}
		{67ECCBA2-D45F-37EF-8849-CA06381AE726} = {663FDF6C-39DF-4282-B171-0969A1352432}
		{9B2321E0-F6F8-3093-AB87-596BBB686464} = {663FDF6C-39DF-4282-B171-0969A1352432}
		{970C25F4-91C3-3416-B550-F02CE9C32EDD} = {663FDF6C-39DF-4282-B171-0969A1352432}
		{2980DE5B-A51E-357D-ACC0-DC9845645AE2} = {663FDF6C-39DF-4282-B171-0969A1352432}
		{BDF05D12-EA9B-3A0E-A12A-0C58A3D69130} = {8B2BBD41-B5FC-4DAE-85A6-F62BBADCAFEA}
		{1BA829C8-26B5-3F51-A3A2-E399169EF064} = {8B2BBD41-B5FC-4DAE-85A6-F62BBADCAFEA}
		{5CECD493-DBB5-395C-83C2-4A3D6D8BB3F1} = {8B2BBD41-B5FC-4DAE-85A6-F62BBADCAFEA}
		{62E2AB15-02C6-322A-A237-9AB93AEC423E} = {8B2BBD41-B5FC-4DAE-85A6-F62BBADCAFEA}
		{D472884C-3B61-3FD8-BA9C-614BFF151D8C} = {8B2BBD41-B5FC-4DAE-85A6-F62BBADCAFEA}
		{6589AB5E-8954-3CED-B1AC-DBD47D5D2D00} = {8B2BBD41-B5FC-4DAE-85A6-F62BBADCAFEA}
		{6EE7FC21-5CD8-364F-83FD-A008EA12C207} = {8B2BBD41-B5FC-4DAE-85A6-F62BBADCAFEA}
		{54956303-DE8D-3A26-B334-23E7074CAE10} = {8B2BBD41-B5FC-4DAE-85A6-F62BBADCAFEA}
		{5E21CDEB-46F3-330A-AFF4-87108688EEBC} = {8EBE79F1-9B1F-4E86-93D7-6A9E72969F80}
		{A2B861AD-95B5-32F2-A08F-998093F55004} = {EA85448A-ACFE-4EA8-9CCA-4F3D727E9933}
		{C57DAD6B-D02B-33B1-9BCB-4772627A88B2} = {EA85448A-ACFE-4EA8-9CCA-4F3D727E9933}
		{5986B4DA-1506-3217-ABD7-DC38F01A7E19} = {EA85448A-ACFE-4EA8-9CCA-4F3D727E9933}
		{7EDC05EE-4C96-3915-B913-E2C875137B9B} = {12869A54-DDD3-444D-BD62-F5BFECCD2F65}
		{7215FC6F-42CC-3964-9C7B-32D87A41FD7B} = {12869A54-DDD3-444D-BD62-F5BFECCD2F65}
		{FF2F31F7-99B4-3664-A692-0E7EB61D01FD} = {12869A54-DDD3-444D-BD62-F5BFECCD2F65}
		{ED2E4EC5-12C6-3859-8B25-DF46EA403ADD} = {12869A54-DDD3-444D-BD62-F5BFECCD2F65}
		{0DCD05C1-AFC9-31A2-B7FF-0CFFEF22E8A1} = {6CD7B854-B558-4324-A4C6-3774E2282604}
		{D05BB584-A2DF-32D6-8EE7-4CC7F027835B} = {6CD7B854-B558-4324-A4C6-3774E2282604}
		{B4FBEF3B-45D5-3EB0-A8EA-594D9DD33E06} = {6CD7B854-B558-4324-A4C6-3774E2282604}
		{77A1B4FC-A422-3992-A76F-F930E8871339} = {6CD7B854-B558-4324-A4C6-3774E2282604}
		{E80FC0D3-C036-34E6-888D-358156244F52} = {B775C403-8641-4DA9-9344-55B58F842A3C}
		{2A59FA67-859C-3E08-BBBC-8B2E048FDE95} = {B775C403-8641-4DA9-9344-55B58F842A3C}
		{089CBABB-1CC2-37AD-94FB-52A75F557A55} = {B775C403-8641-4DA9-9344-55B58F842A3C}
		{FE01F322-194C-3B6A-B333-46893C332E3A} = {B775C403-8641-4DA9-9344-55B58F842A3C}
		{D47C6EA0-81E5-3967-9FCE-63CAAAD235B4} = {B775C403-8641-4DA9-9344-55B58F842A3C}
		{9A1A3D3E-8CFB-3D70-BF04-470F0A6CAA7F} = {B775C403-8641-4DA9-9344-55B58F842A3C}
		{A1FD8953-3087-3CD2-8450-BB9562F20102} = {B775C403-8641-4DA9-9344-55B58F842A3C}
		{51D7093C-7211-35C8-98E5-958E16524792} = {86DAD63D-D924-436C-A7B6-67F3E439E441}
		{455A5E42-C504-3659-A9E1-1153BC801D3D} = {86DAD63D-D924-436C-A7B6-67F3E439E441}
		{4334C2CE-0C04-3CA9-89CA-C83959713A4C} = {86DAD63D-D924-436C-A7B6-67F3E439E441}
		{D5E19731-FC7B-386A-89BF-1D6F6E2594F1} = {86DAD63D-D924-436C-A7B6-67F3E439E441}
		{D3AE7CD8-8240-3176-ADAC-08F8E36DCED8} = {86DAD63D-D924-436C-A7B6-67F3E439E441}
		{5230E70B-CB99-3BE6-AD0F-F0A29B851E53} = {86DAD63D-D924-436C-A7B6-67F3E439E441}
		{F88BFE40-9543-3B47-8B5E-9A1D6C631645} = {51B50DAD-B7B4-4431-A89F-7BAD90DF341E}
		{FCAFC118-15D8-3A90-9F7A-2AA7C55F0F0C} = {51B50DAD-B7B4-4431-A89F-7BAD90DF341E}
		{D6F8D1A1-572B-34AA-AA7C-A6565D4FE275} = {51B50DAD-B7B4-4431-A89F-7BAD90DF341E}
		{BCA31AE6-0265-3A4A-A9F6-13B51860EDA6} = {822E3ECC-583E-486E-A90E-6C5AC6551D0B}
		{28AF3C4C-A407-3802-B547-EAFBDEA5ACDC} = {822E3ECC-583E-486E-A90E-6C5AC6551D0B}
		{DF3851C1-E529-396B-AF30-069B986C8FFD} = {77BEA9E5-F9F6-4FFE-BF88-98E5CAC76AAA}
		{9BBCF357-1FA3-38F6-8058-47E6FC48BFDB} = {77BEA9E5-F9F6-4FFE-BF88-98E5CAC76AAA}
		{0D3F1B8D-4E74-3494-817F-522E37501ACB} = {1512847D-5234-4EED-808B-748B0A9811E7}
		{F62C4B61-47D2-39B7-8B44-AAFEA52FB54B} = {1512847D-5234-4EED-808B-748B0A9811E7}
		{EA78F5A0-E0BC-3874-A575-9D47A75C3FCE} = {A6DC50DC-C38D-4B58-9144-99F6E2043749}
		{471769BC-EE26-3784-87DF-E0033990E2CD} = {A6DC50DC-C38D-4B58-9144-99F6E2043749}
		{622B9227-CACC-410A-B88C-158EA643E88A} = {A6DC50DC-C38D-4B58-9144-99F6E2043749}
		{B6451E94-78C6-3C62-BA54-5CF389D35928} = {9D324ED5-C2B6-4203-BAD3-89E1C768AFC2}
		{9D324ED5-C2B6-4203-BAD3-89E1C768AFC2} = {A6DC50DC-C38D-4B58-9144-99F6E2043749}
		{ECD147BE-AB95-3155-B08D-0107A90600D2} = {622B9227-CACC-410A-B88C-158EA643E88A}
		{F4BE5660-E438-3D8A-A3A5-92E99847FA0F} = {25DB7599-A259-440D-B65A-F254CF95FD18}
		{F8E35F52-683A-366D-B5AB-11E7FD25F492} = {8EC35964-6511-49BD-9234-FDC9646B9A66}
		{83FDE137-77FF-3E0A-9C5F-43B73E1366B2} = {3E068077-98A6-4572-947E-B702275EDB0C}
		{8217DC98-F123-3CBF-A416-5495019EE052} = {AB8EB9DB-1BEF-4F28-9600-57B7AD468E5D}
		{457AE3E6-1945-34CB-A6E4-1813E50DF9E9} = {AB8EB9DB-1BEF-4F28-9600-57B7AD468E5D}
		{50E73535-29B9-33F8-BB99-90B5E509D3C4} = {AB8EB9DB-1BEF-4F28-9600-57B7AD468E5D}
		{1D862AA6-7A94-38F3-B33A-B25F2ED8439B} = {AB8EB9DB-1BEF-4F28-9600-57B7AD468E5D}
		{EA65778E-8F41-33AE-A832-91488B602668} = {AB8EB9DB-1BEF-4F28-9600-57B7AD468E5D}
		{3CCDDA7D-6ABB-31BD-8697-734DDE7CEF3B} = {AB8EB9DB-1BEF-4F28-9600-57B7AD468E5D}
		{127637A5-693D-3FC0-A524-A7587FF33E0C} = {AB8EB9DB-1BEF-4F28-9600-57B7AD468E5D}
		{1CA0EF73-5544-33B9-BE01-A62C8B46B9CF} = {AB8EB9DB-1BEF-4F28-9600-57B7AD468E5D}
		{B67F68ED-958E-3397-B3AF-4CE1B5BE8D4A} = {AB8EB9DB-1BEF-4F28-9600-57B7AD468E5D}
		{4D871807-E628-39E9-9708-07DA9A5331CC} = {AB8EB9DB-1BEF-4F28-9600-57B7AD468E5D}
		{A72B8885-40F9-3A78-A34D-4D5766D70AEF} = {AB8EB9DB-1BEF-4F28-9600-57B7AD468E5D}
		{1E6031B5-29B6-3022-AB8C-2B818B15C47B} = {AB8EB9DB-1BEF-4F28-9600-57B7AD468E5D}
		{5DE74284-562C-3DC1-94B2-BA3B2756EFBF} = {AB8EB9DB-1BEF-4F28-9600-57B7AD468E5D}
	EndGlobalSection
EndGlobal
