
Microsoft Visual Studio Solution File, Format Version 12.00
# Visual Studio 15
VisualStudioVersion = 15.0.26430.16
MinimumVisualStudioVersion = 10.0.40219.1
Project("{8BC9CEB8-8B4A-11D0-8D11-00A0C91BC942}") = "Geometry", "CH6\CH601\Geometry\Geometry.vcxproj", "{64A34F60-33B9-3D98-9623-C097D58ACA95}"
EndProject
Project("{8BC9CEB8-8B4A-11D0-8D11-00A0C91BC942}") = "Dialog", "CH1\CH101\Dialog\Dialog.vcxproj", "{182CD3F7-F7EF-348F-8C97-1F4A34C5F29B}"
EndProject
Project("{2150E333-8FDC-42A3-9474-1A3956D46DE8}") = "ch1", "ch1", "{7107BB45-F642-4E34-9EA7-94C4F8B109FA}"
EndProject
Project("{2150E333-8FDC-42A3-9474-1A3956D46DE8}") = "101", "101", "{429549A1-078B-4722-A5BE-C462F7D06EC6}"
EndProject
Project("{2150E333-8FDC-42A3-9474-1A3956D46DE8}") = "102", "102", "{EB768D2F-9AA7-4A5F-A63A-C0152865E7E7}"
EndProject
Project("{8BC9CEB8-8B4A-11D0-8D11-00A0C91BC942}") = "Dialog", "CH1\CH102\Dialog\Dialog.vcxproj", "{96A137BA-5D53-35AC-A781-2C3BAFD38878}"
EndProject
Project("{2150E333-8FDC-42A3-9474-1A3956D46DE8}") = "ch2", "ch2", "{60EF1EC8-B7B7-46F5-9740-72F95D5DFDFF}"
EndProject
Project("{8BC9CEB8-8B4A-11D0-8D11-00A0C91BC942}") = "ListIterator", "CH2\CH201\ListIterator\ListIterator.vcxproj", "{0BC1BFC3-FA92-3882-B892-892F1651AA9F}"
EndProject
Project("{8BC9CEB8-8B4A-11D0-8D11-00A0C91BC942}") = "MutableListIterator", "CH2\CH202\MutableListIterator\MutableListIterator.vcxproj", "{294FC7F9-43F6-3F5E-B968-066C9DB94CC1}"
EndProject
Project("{8BC9CEB8-8B4A-11D0-8D11-00A0C91BC942}") = "StlIterator", "CH2\CH203\StlIterator\StlIterator.vcxproj", "{BD17C210-7300-3963-A62D-8E3AA10E1212}"
EndProject
Project("{8BC9CEB8-8B4A-11D0-8D11-00A0C91BC942}") = "MapIterator", "CH2\CH204\MapIterator\MapIterator.vcxproj", "{298B05AF-CC98-3F11-AE19-70FF89BCB2FC}"
EndProject
Project("{8BC9CEB8-8B4A-11D0-8D11-00A0C91BC942}") = "StlMapIterator", "CH2\CH205\StlMapIterator\StlMapIterator.vcxproj", "{90DF4092-0335-3D9D-A028-518F6924299B}"
EndProject
Project("{8BC9CEB8-8B4A-11D0-8D11-00A0C91BC942}") = "myVariant", "CH2\CH206\myVariant\myVariant.vcxproj", "{856E7603-30C4-3460-9C91-0157DCB0E5FB}"
EndProject
Project("{8BC9CEB8-8B4A-11D0-8D11-00A0C91BC942}") = "Algorithms", "CH2\CH207\Algorithms\Algorithms.vcxproj", "{3C10CE2C-2B47-3C99-B223-B4B586C2FADE}"
EndProject
Project("{8BC9CEB8-8B4A-11D0-8D11-00A0C91BC942}") = "PushButtonTest", "CH2\CH208\PushButtonTest\PushButtonTest.vcxproj", "{DBF4F8CB-FDE6-3927-97AA-6EF2F07E2A9F}"
EndProject
Project("{8BC9CEB8-8B4A-11D0-8D11-00A0C91BC942}") = "TreeWidget", "CH2\CH209\TreeWidget\TreeWidget.vcxproj", "{431AD3E9-B6A9-3521-A324-83F6A692AD17}"
EndProject
Project("{8BC9CEB8-8B4A-11D0-8D11-00A0C91BC942}") = "Test", "CH2\CH210\Test\Test.vcxproj", "{911BA624-9BE9-3DC9-98E0-6FE85A3B56B3}"
EndProject
Project("{2150E333-8FDC-42A3-9474-1A3956D46DE8}") = "ch3", "ch3", "{663FDF6C-39DF-4282-B171-0969A1352432}"
EndProject
Project("{8BC9CEB8-8B4A-11D0-8D11-00A0C91BC942}") = "Splitter", "CH3\CH301\Splitter\Splitter.vcxproj", "{E9949E6A-1A96-3228-A4BF-5BD35B4DD864}"
EndProject
Project("{8BC9CEB8-8B4A-11D0-8D11-00A0C91BC942}") = "DockWindows", "CH3\CH302\DockWindows\DockWindows.vcxproj", "{67ECCBA2-D45F-37EF-8849-CA06381AE726}"
EndProject
Project("{8BC9CEB8-8B4A-11D0-8D11-00A0C91BC942}") = "StackedWidget", "CH3\CH303\StackedWidget\StackedWidget.vcxproj", "{9B2321E0-F6F8-3093-AB87-596BBB686464}"
EndProject
Global
	GlobalSection(SolutionConfigurationPlatforms) = preSolution
		Debug|x86 = Debug|x86
		Release|x86 = Release|x86
	EndGlobalSection
	GlobalSection(ProjectConfigurationPlatforms) = postSolution
		{64A34F60-33B9-3D98-9623-C097D58ACA95}.Debug|x86.ActiveCfg = Debug|Win32
		{64A34F60-33B9-3D98-9623-C097D58ACA95}.Debug|x86.Build.0 = Debug|Win32
		{64A34F60-33B9-3D98-9623-C097D58ACA95}.Release|x86.ActiveCfg = Release|Win32
		{64A34F60-33B9-3D98-9623-C097D58ACA95}.Release|x86.Build.0 = Release|Win32
		{182CD3F7-F7EF-348F-8C97-1F4A34C5F29B}.Debug|x86.ActiveCfg = Debug|Win32
		{182CD3F7-F7EF-348F-8C97-1F4A34C5F29B}.Debug|x86.Build.0 = Debug|Win32
		{182CD3F7-F7EF-348F-8C97-1F4A34C5F29B}.Release|x86.ActiveCfg = Release|Win32
		{182CD3F7-F7EF-348F-8C97-1F4A34C5F29B}.Release|x86.Build.0 = Release|Win32
		{96A137BA-5D53-35AC-A781-2C3BAFD38878}.Debug|x86.ActiveCfg = Debug|Win32
		{96A137BA-5D53-35AC-A781-2C3BAFD38878}.Debug|x86.Build.0 = Debug|Win32
		{96A137BA-5D53-35AC-A781-2C3BAFD38878}.Release|x86.ActiveCfg = Release|Win32
		{96A137BA-5D53-35AC-A781-2C3BAFD38878}.Release|x86.Build.0 = Release|Win32
		{0BC1BFC3-FA92-3882-B892-892F1651AA9F}.Debug|x86.ActiveCfg = Debug|Win32
		{0BC1BFC3-FA92-3882-B892-892F1651AA9F}.Debug|x86.Build.0 = Debug|Win32
		{0BC1BFC3-FA92-3882-B892-892F1651AA9F}.Release|x86.ActiveCfg = Release|Win32
		{0BC1BFC3-FA92-3882-B892-892F1651AA9F}.Release|x86.Build.0 = Release|Win32
		{294FC7F9-43F6-3F5E-B968-066C9DB94CC1}.Debug|x86.ActiveCfg = Debug|Win32
		{294FC7F9-43F6-3F5E-B968-066C9DB94CC1}.Debug|x86.Build.0 = Debug|Win32
		{294FC7F9-43F6-3F5E-B968-066C9DB94CC1}.Release|x86.ActiveCfg = Release|Win32
		{294FC7F9-43F6-3F5E-B968-066C9DB94CC1}.Release|x86.Build.0 = Release|Win32
		{BD17C210-7300-3963-A62D-8E3AA10E1212}.Debug|x86.ActiveCfg = Debug|Win32
		{BD17C210-7300-3963-A62D-8E3AA10E1212}.Debug|x86.Build.0 = Debug|Win32
		{BD17C210-7300-3963-A62D-8E3AA10E1212}.Release|x86.ActiveCfg = Release|Win32
		{BD17C210-7300-3963-A62D-8E3AA10E1212}.Release|x86.Build.0 = Release|Win32
		{298B05AF-CC98-3F11-AE19-70FF89BCB2FC}.Debug|x86.ActiveCfg = Debug|Win32
		{298B05AF-CC98-3F11-AE19-70FF89BCB2FC}.Debug|x86.Build.0 = Debug|Win32
		{298B05AF-CC98-3F11-AE19-70FF89BCB2FC}.Release|x86.ActiveCfg = Release|Win32
		{298B05AF-CC98-3F11-AE19-70FF89BCB2FC}.Release|x86.Build.0 = Release|Win32
		{90DF4092-0335-3D9D-A028-518F6924299B}.Debug|x86.ActiveCfg = Debug|Win32
		{90DF4092-0335-3D9D-A028-518F6924299B}.Debug|x86.Build.0 = Debug|Win32
		{90DF4092-0335-3D9D-A028-518F6924299B}.Release|x86.ActiveCfg = Release|Win32
		{90DF4092-0335-3D9D-A028-518F6924299B}.Release|x86.Build.0 = Release|Win32
		{856E7603-30C4-3460-9C91-0157DCB0E5FB}.Debug|x86.ActiveCfg = Debug|Win32
		{856E7603-30C4-3460-9C91-0157DCB0E5FB}.Debug|x86.Build.0 = Debug|Win32
		{856E7603-30C4-3460-9C91-0157DCB0E5FB}.Release|x86.ActiveCfg = Release|Win32
		{856E7603-30C4-3460-9C91-0157DCB0E5FB}.Release|x86.Build.0 = Release|Win32
		{3C10CE2C-2B47-3C99-B223-B4B586C2FADE}.Debug|x86.ActiveCfg = Debug|Win32
		{3C10CE2C-2B47-3C99-B223-B4B586C2FADE}.Debug|x86.Build.0 = Debug|Win32
		{3C10CE2C-2B47-3C99-B223-B4B586C2FADE}.Release|x86.ActiveCfg = Release|Win32
		{3C10CE2C-2B47-3C99-B223-B4B586C2FADE}.Release|x86.Build.0 = Release|Win32
		{DBF4F8CB-FDE6-3927-97AA-6EF2F07E2A9F}.Debug|x86.ActiveCfg = Debug|Win32
		{DBF4F8CB-FDE6-3927-97AA-6EF2F07E2A9F}.Debug|x86.Build.0 = Debug|Win32
		{DBF4F8CB-FDE6-3927-97AA-6EF2F07E2A9F}.Release|x86.ActiveCfg = Release|Win32
		{DBF4F8CB-FDE6-3927-97AA-6EF2F07E2A9F}.Release|x86.Build.0 = Release|Win32
		{431AD3E9-B6A9-3521-A324-83F6A692AD17}.Debug|x86.ActiveCfg = Debug|Win32
		{431AD3E9-B6A9-3521-A324-83F6A692AD17}.Debug|x86.Build.0 = Debug|Win32
		{431AD3E9-B6A9-3521-A324-83F6A692AD17}.Release|x86.ActiveCfg = Release|Win32
		{431AD3E9-B6A9-3521-A324-83F6A692AD17}.Release|x86.Build.0 = Release|Win32
		{911BA624-9BE9-3DC9-98E0-6FE85A3B56B3}.Debug|x86.ActiveCfg = Debug|Win32
		{911BA624-9BE9-3DC9-98E0-6FE85A3B56B3}.Debug|x86.Build.0 = Debug|Win32
		{911BA624-9BE9-3DC9-98E0-6FE85A3B56B3}.Release|x86.ActiveCfg = Release|Win32
		{911BA624-9BE9-3DC9-98E0-6FE85A3B56B3}.Release|x86.Build.0 = Release|Win32
		{E9949E6A-1A96-3228-A4BF-5BD35B4DD864}.Debug|x86.ActiveCfg = Debug|Win32
		{E9949E6A-1A96-3228-A4BF-5BD35B4DD864}.Debug|x86.Build.0 = Debug|Win32
		{E9949E6A-1A96-3228-A4BF-5BD35B4DD864}.Release|x86.ActiveCfg = Release|Win32
		{E9949E6A-1A96-3228-A4BF-5BD35B4DD864}.Release|x86.Build.0 = Release|Win32
		{67ECCBA2-D45F-37EF-8849-CA06381AE726}.Debug|x86.ActiveCfg = Debug|Win32
		{67ECCBA2-D45F-37EF-8849-CA06381AE726}.Debug|x86.Build.0 = Debug|Win32
		{67ECCBA2-D45F-37EF-8849-CA06381AE726}.Release|x86.ActiveCfg = Release|Win32
		{67ECCBA2-D45F-37EF-8849-CA06381AE726}.Release|x86.Build.0 = Release|Win32
		{9B2321E0-F6F8-3093-AB87-596BBB686464}.Debug|x86.ActiveCfg = Debug|Win32
		{9B2321E0-F6F8-3093-AB87-596BBB686464}.Debug|x86.Build.0 = Debug|Win32
		{9B2321E0-F6F8-3093-AB87-596BBB686464}.Release|x86.ActiveCfg = Release|Win32
		{9B2321E0-F6F8-3093-AB87-596BBB686464}.Release|x86.Build.0 = Release|Win32
	EndGlobalSection
	GlobalSection(SolutionProperties) = preSolution
		HideSolutionNode = FALSE
	EndGlobalSection
	GlobalSection(NestedProjects) = preSolution
		{182CD3F7-F7EF-348F-8C97-1F4A34C5F29B} = {429549A1-078B-4722-A5BE-C462F7D06EC6}
		{429549A1-078B-4722-A5BE-C462F7D06EC6} = {7107BB45-F642-4E34-9EA7-94C4F8B109FA}
		{EB768D2F-9AA7-4A5F-A63A-C0152865E7E7} = {7107BB45-F642-4E34-9EA7-94C4F8B109FA}
		{96A137BA-5D53-35AC-A781-2C3BAFD38878} = {EB768D2F-9AA7-4A5F-A63A-C0152865E7E7}
		{0BC1BFC3-FA92-3882-B892-892F1651AA9F} = {60EF1EC8-B7B7-46F5-9740-72F95D5DFDFF}
		{294FC7F9-43F6-3F5E-B968-066C9DB94CC1} = {60EF1EC8-B7B7-46F5-9740-72F95D5DFDFF}
		{BD17C210-7300-3963-A62D-8E3AA10E1212} = {60EF1EC8-B7B7-46F5-9740-72F95D5DFDFF}
		{298B05AF-CC98-3F11-AE19-70FF89BCB2FC} = {60EF1EC8-B7B7-46F5-9740-72F95D5DFDFF}
		{90DF4092-0335-3D9D-A028-518F6924299B} = {60EF1EC8-B7B7-46F5-9740-72F95D5DFDFF}
		{856E7603-30C4-3460-9C91-0157DCB0E5FB} = {60EF1EC8-B7B7-46F5-9740-72F95D5DFDFF}
		{3C10CE2C-2B47-3C99-B223-B4B586C2FADE} = {60EF1EC8-B7B7-46F5-9740-72F95D5DFDFF}
		{DBF4F8CB-FDE6-3927-97AA-6EF2F07E2A9F} = {60EF1EC8-B7B7-46F5-9740-72F95D5DFDFF}
		{431AD3E9-B6A9-3521-A324-83F6A692AD17} = {60EF1EC8-B7B7-46F5-9740-72F95D5DFDFF}
		{911BA624-9BE9-3DC9-98E0-6FE85A3B56B3} = {60EF1EC8-B7B7-46F5-9740-72F95D5DFDFF}
		{E9949E6A-1A96-3228-A4BF-5BD35B4DD864} = {663FDF6C-39DF-4282-B171-0969A1352432}
		{67ECCBA2-D45F-37EF-8849-CA06381AE726} = {663FDF6C-39DF-4282-B171-0969A1352432}
		{9B2321E0-F6F8-3093-AB87-596BBB686464} = {663FDF6C-39DF-4282-B171-0969A1352432}
	EndGlobalSection
EndGlobal
