<?xml version="1.0" encoding="utf-8"?>
<Project ToolsVersion="4.0" xmlns="http://schemas.microsoft.com/developer/msbuild/2003">
  <ItemGroup>
    <Filter Include="Generated Files">
      <UniqueIdentifier>{71ED8ED8-ACB9-4CE9-BBE1-E00B30144E11}</UniqueIdentifier>
      <Extensions>cpp;c;cxx;moc;h;def;odl;idl;res;</Extensions>
    </Filter>
    <Filter Include="Generated Files">
      <UniqueIdentifier>{71ED8ED8-ACB9-4CE9-BBE1-E00B30144E11}</UniqueIdentifier>
      <Extensions>cpp;c;cxx;moc;h;def;odl;idl;res;</Extensions>
    </Filter>
    <Filter Include="Header Files">
      <UniqueIdentifier>{93995380-89BD-4b04-88EB-625FBE52EBFB}</UniqueIdentifier>
      <Extensions>h;hpp;hxx;hm;inl;inc;xsd</Extensions>
    </Filter>
    <Filter Include="Header Files">
      <UniqueIdentifier>{93995380-89BD-4b04-88EB-625FBE52EBFB}</UniqueIdentifier>
      <Extensions>h;hpp;hxx;hm;inl;inc;xsd</Extensions>
    </Filter>
    <Filter Include="Resource Files">
      <UniqueIdentifier>{D9D6E242-F8AF-46E4-B9FD-80ECBC20BA3E}</UniqueIdentifier>
      <Extensions>qrc;*</Extensions>
      <ParseFiles>false</ParseFiles>
    </Filter>
    <Filter Include="Resource Files">
      <UniqueIdentifier>{D9D6E242-F8AF-46E4-B9FD-80ECBC20BA3E}</UniqueIdentifier>
      <Extensions>qrc;*</Extensions>
      <ParseFiles>false</ParseFiles>
    </Filter>
    <Filter Include="Source Files">
      <UniqueIdentifier>{4FC737F1-C7A5-4376-A066-2A32D752A2FF}</UniqueIdentifier>
      <Extensions>cpp;c;cxx;def;odl;idl;hpj;bat;asm;asmx</Extensions>
    </Filter>
    <Filter Include="Source Files">
      <UniqueIdentifier>{4FC737F1-C7A5-4376-A066-2A32D752A2FF}</UniqueIdentifier>
      <Extensions>cpp;c;cxx;def;odl;idl;hpj;bat;asm;asmx</Extensions>
    </Filter>
  </ItemGroup>
  <ItemGroup>
    <ClCompile Include="CH17\MyselfWord\main.cpp">
      <Filter>Source Files</Filter>
    </ClCompile>
    <ClCompile Include="CH17\MyselfWord\mychild.cpp">
      <Filter>Source Files</Filter>
    </ClCompile>
    <ClCompile Include="CH17\MyselfWord\myword.cpp">
      <Filter>Source Files</Filter>
    </ClCompile>
  </ItemGroup>
  <ItemGroup>
    <CustomBuild Include="CH17\MyselfWord\mychild.h">
      <Filter>Header Files</Filter>
    </CustomBuild>
    <CustomBuild Include="CH17\MyselfWord\myword.h">
      <Filter>Header Files</Filter>
    </CustomBuild>
  </ItemGroup>
  <ItemGroup>
    <ClCompile Include="debug\moc_mychild.cpp">
      <Filter>Generated Files</Filter>
    </ClCompile>
    <ClCompile Include="release\moc_mychild.cpp">
      <Filter>Generated Files</Filter>
    </ClCompile>
    <ClCompile Include="debug\moc_myword.cpp">
      <Filter>Generated Files</Filter>
    </ClCompile>
    <ClCompile Include="release\moc_myword.cpp">
      <Filter>Generated Files</Filter>
    </ClCompile>
    <ClCompile Include="debug\qrc_myword.cpp">
      <Filter>Generated Files</Filter>
    </ClCompile>
    <ClCompile Include="release\qrc_myword.cpp">
      <Filter>Generated Files</Filter>
    </ClCompile>
  </ItemGroup>
  <ItemGroup>
    <None Include="CH17\MyselfWord\images\editcopy.png">
      <Filter>Resource Files</Filter>
    </None>
    <None Include="CH17\MyselfWord\images\editcut.png">
      <Filter>Resource Files</Filter>
    </None>
    <None Include="CH17\MyselfWord\images\editpaste.png">
      <Filter>Resource Files</Filter>
    </None>
    <None Include="CH17\MyselfWord\images\editredo.png">
      <Filter>Resource Files</Filter>
    </None>
    <None Include="CH17\MyselfWord\images\editundo.png">
      <Filter>Resource Files</Filter>
    </None>
    <None Include="CH17\MyselfWord\images\filenew.png">
      <Filter>Resource Files</Filter>
    </None>
    <None Include="CH17\MyselfWord\images\fileopen.png">
      <Filter>Resource Files</Filter>
    </None>
    <None Include="CH17\MyselfWord\images\fileprint.png">
      <Filter>Resource Files</Filter>
    </None>
    <None Include="CH17\MyselfWord\images\filesave.png">
      <Filter>Resource Files</Filter>
    </None>
    <CustomBuild Include="CH17\MyselfWord\myword.qrc">
      <Filter>Resource Files</Filter>
    </CustomBuild>
    <None Include="CH17\MyselfWord\images\textbold.png">
      <Filter>Resource Files</Filter>
    </None>
    <None Include="CH17\MyselfWord\images\textcenter.png">
      <Filter>Resource Files</Filter>
    </None>
    <None Include="CH17\MyselfWord\images\textitalic.png">
      <Filter>Resource Files</Filter>
    </None>
    <None Include="CH17\MyselfWord\images\textjustify.png">
      <Filter>Resource Files</Filter>
    </None>
    <None Include="CH17\MyselfWord\images\textleft.png">
      <Filter>Resource Files</Filter>
    </None>
    <None Include="CH17\MyselfWord\images\textright.png">
      <Filter>Resource Files</Filter>
    </None>
    <None Include="CH17\MyselfWord\images\textunder.png">
      <Filter>Resource Files</Filter>
    </None>
  </ItemGroup>
</Project>